// !$*UTF8*$!
{
	archiveVersion = 1;
	classes = {
	};
	objectVersion = 56;
	objects = {

/* Begin PBXBuildFile section */
		0D1AD3BD2A8A1C1D001D1E24 /* MockDisplay.swift in Sources */ = {isa = PBXBuildFile; fileRef = 0D1AD3BC2A8A1C1D001D1E24 /* MockDisplay.swift */; };
		0D2CA03D2A96127D00E9EF53 /* GoogleService-Info.plist in Resources */ = {isa = PBXBuildFile; fileRef = 0D2CA03C2A96127D00E9EF53 /* GoogleService-Info.plist */; };
		0D2CA0412A9CCAC900E9EF53 /* MatchStatusSegmented.swift in Sources */ = {isa = PBXBuildFile; fileRef = 0D2CA0402A9CCAC900E9EF53 /* MatchStatusSegmented.swift */; };
		0D2CA0432A9E120C00E9EF53 /* SoccerPitch.swift in Sources */ = {isa = PBXBuildFile; fileRef = 0D2CA0422A9E120C00E9EF53 /* SoccerPitch.swift */; };
		0D2CA0462A9E305600E9EF53 /* PlayerView.swift in Sources */ = {isa = PBXBuildFile; fileRef = 0D2CA0452A9E305600E9EF53 /* PlayerView.swift */; };
		0D2CA0482A9E3A4400E9EF53 /* SoccerViewController.swift in Sources */ = {isa = PBXBuildFile; fileRef = 0D2CA0472A9E3A4400E9EF53 /* SoccerViewController.swift */; };
		0D2E5F412A8EC39B00191CDF /* Competitions.swift in Sources */ = {isa = PBXBuildFile; fileRef = 0D2E5F402A8EC39B00191CDF /* Competitions.swift */; };
		0D2E5F432A8EC3ED00191CDF /* MockPresenterStanding.swift in Sources */ = {isa = PBXBuildFile; fileRef = 0D2E5F422A8EC3ED00191CDF /* MockPresenterStanding.swift */; };
		0D2E5F452A8EC4C200191CDF /* MockDisplayGame.swift in Sources */ = {isa = PBXBuildFile; fileRef = 0D2E5F442A8EC4C200191CDF /* MockDisplayGame.swift */; };
		0D2E5F472A8EC58D00191CDF /* MockInteractor.swift in Sources */ = {isa = PBXBuildFile; fileRef = 0D2E5F462A8EC58C00191CDF /* MockInteractor.swift */; };
		0D2E5F492A8EC5C900191CDF /* MockRouteurStanding.swift in Sources */ = {isa = PBXBuildFile; fileRef = 0D2E5F482A8EC5C900191CDF /* MockRouteurStanding.swift */; };
		0D2E5F502A8EC67400191CDF /* Standing.swift in Sources */ = {isa = PBXBuildFile; fileRef = 0D2E5F4E2A8EC67400191CDF /* Standing.swift */; };
		0D4D52492A8A2CA10096DCA5 /* MockPresenter.swift in Sources */ = {isa = PBXBuildFile; fileRef = 0D4D52482A8A2CA10096DCA5 /* MockPresenter.swift */; };
		0D4D524B2A8A2D170096DCA5 /* MockRouteur.swift in Sources */ = {isa = PBXBuildFile; fileRef = 0D4D524A2A8A2D170096DCA5 /* MockRouteur.swift */; };
		0D4D524F2A8A2E660096DCA5 /* Game.swift in Sources */ = {isa = PBXBuildFile; fileRef = 0D4D524E2A8A2E660096DCA5 /* Game.swift */; };
		0D4D52562A8AB78D0096DCA5 /* MockRouteurGame.swift in Sources */ = {isa = PBXBuildFile; fileRef = 0D4D52522A8AB78D0096DCA5 /* MockRouteurGame.swift */; };
		0D4D52572A8AB78D0096DCA5 /* MockInteractorGame.swift in Sources */ = {isa = PBXBuildFile; fileRef = 0D4D52532A8AB78D0096DCA5 /* MockInteractorGame.swift */; };
		0D4D52582A8AB78D0096DCA5 /* MockPresenterGame.swift in Sources */ = {isa = PBXBuildFile; fileRef = 0D4D52542A8AB78D0096DCA5 /* MockPresenterGame.swift */; };
		0D8B07742A8F762D004B096F /* FirebaseAnalytics in Frameworks */ = {isa = PBXBuildFile; productRef = 0D8B07732A8F762D004B096F /* FirebaseAnalytics */; };
		0DA6B01E2A87E22400BC0309 /* MockCompetition.json in Resources */ = {isa = PBXBuildFile; fileRef = 0DA6B01D2A87E22400BC0309 /* MockCompetition.json */; };
		0DB1A6742A7CEF6D008D0ECE /* ResultSportUITests.swift in Sources */ = {isa = PBXBuildFile; fileRef = 0DB1A6732A7CEF6D008D0ECE /* ResultSportUITests.swift */; };
		0DB1A6762A7CEF6D008D0ECE /* ResultSportUITestsLaunchTests.swift in Sources */ = {isa = PBXBuildFile; fileRef = 0DB1A6752A7CEF6D008D0ECE /* ResultSportUITestsLaunchTests.swift */; };
		0DB1A6922A7CF003008D0ECE /* GameInteractor.swift in Sources */ = {isa = PBXBuildFile; fileRef = 0DB1A6842A7CF003008D0ECE /* GameInteractor.swift */; };
		0DB1A6932A7CF003008D0ECE /* GameContext.swift in Sources */ = {isa = PBXBuildFile; fileRef = 0DB1A6852A7CF003008D0ECE /* GameContext.swift */; };
		0DB1A6942A7CF003008D0ECE /* GameModule.swift in Sources */ = {isa = PBXBuildFile; fileRef = 0DB1A6862A7CF003008D0ECE /* GameModule.swift */; };
		0DB1A6952A7CF003008D0ECE /* GameRouter.swift in Sources */ = {isa = PBXBuildFile; fileRef = 0DB1A6872A7CF003008D0ECE /* GameRouter.swift */; };
		0DB1A6962A7CF003008D0ECE /* StandingContext.swift in Sources */ = {isa = PBXBuildFile; fileRef = 0DB1A6892A7CF003008D0ECE /* StandingContext.swift */; };
		0DB1A6972A7CF003008D0ECE /* StandingModule.swift in Sources */ = {isa = PBXBuildFile; fileRef = 0DB1A68A2A7CF003008D0ECE /* StandingModule.swift */; };
		0DB1A6982A7CF003008D0ECE /* StandingInteractor.swift in Sources */ = {isa = PBXBuildFile; fileRef = 0DB1A68B2A7CF003008D0ECE /* StandingInteractor.swift */; };
		0DB1A6992A7CF003008D0ECE /* StandingRouter.swift in Sources */ = {isa = PBXBuildFile; fileRef = 0DB1A68C2A7CF003008D0ECE /* StandingRouter.swift */; };
		0DB1A69A2A7CF003008D0ECE /* CompetitionInteractor.swift in Sources */ = {isa = PBXBuildFile; fileRef = 0DB1A68E2A7CF003008D0ECE /* CompetitionInteractor.swift */; };
		0DB1A69B2A7CF003008D0ECE /* CompetitionContext.swift in Sources */ = {isa = PBXBuildFile; fileRef = 0DB1A68F2A7CF003008D0ECE /* CompetitionContext.swift */; };
		0DB1A69C2A7CF003008D0ECE /* CompetitionModule.swift in Sources */ = {isa = PBXBuildFile; fileRef = 0DB1A6902A7CF003008D0ECE /* CompetitionModule.swift */; };
		0DB1A69D2A7CF003008D0ECE /* CompetitionRouter.swift in Sources */ = {isa = PBXBuildFile; fileRef = 0DB1A6912A7CF003008D0ECE /* CompetitionRouter.swift */; };
		0DB1A6A12A7CF00B008D0ECE /* RestSchedule.swift in Sources */ = {isa = PBXBuildFile; fileRef = 0DB1A69F2A7CF00B008D0ECE /* RestSchedule.swift */; };
		0DB1A6A22A7CF00B008D0ECE /* RestCompetitions.swift in Sources */ = {isa = PBXBuildFile; fileRef = 0DB1A6A02A7CF00B008D0ECE /* RestCompetitions.swift */; };
		0DB1A6AC2A7CF012008D0ECE /* Assets.xcassets in Resources */ = {isa = PBXBuildFile; fileRef = 0DB1A6A42A7CF012008D0ECE /* Assets.xcassets */; };
		0DB1A6AD2A7CF012008D0ECE /* LaunchScreen.storyboard in Resources */ = {isa = PBXBuildFile; fileRef = 0DB1A6A52A7CF012008D0ECE /* LaunchScreen.storyboard */; };
		0DB1A6AE2A7CF012008D0ECE /* Main.storyboard in Resources */ = {isa = PBXBuildFile; fileRef = 0DB1A6A72A7CF012008D0ECE /* Main.storyboard */; };
		0DB1A6B02A7CF012008D0ECE /* AppDelegate.swift in Sources */ = {isa = PBXBuildFile; fileRef = 0DB1A6AA2A7CF012008D0ECE /* AppDelegate.swift */; };
		0DB1A6B12A7CF012008D0ECE /* SceneDelegate.swift in Sources */ = {isa = PBXBuildFile; fileRef = 0DB1A6AB2A7CF012008D0ECE /* SceneDelegate.swift */; };
		0DB1A6B42A7CF02A008D0ECE /* HTTPRequest.swift in Sources */ = {isa = PBXBuildFile; fileRef = 0DB1A6B32A7CF02A008D0ECE /* HTTPRequest.swift */; };
		0DB1A6B62A7CF043008D0ECE /* TabBarViewController.swift in Sources */ = {isa = PBXBuildFile; fileRef = 0DB1A6B52A7CF043008D0ECE /* TabBarViewController.swift */; };
		0DB1A6E72A7CF0DE008D0ECE /* GamePresenter.swift in Sources */ = {isa = PBXBuildFile; fileRef = 0DB1A6BA2A7CF0DE008D0ECE /* GamePresenter.swift */; };
		0DB1A6E82A7CF0DE008D0ECE /* Color.swift in Sources */ = {isa = PBXBuildFile; fileRef = 0DB1A6BC2A7CF0DE008D0ECE /* Color.swift */; };
		0DB1A6E92A7CF0DE008D0ECE /* GameModuleKit.swift in Sources */ = {isa = PBXBuildFile; fileRef = 0DB1A6BD2A7CF0DE008D0ECE /* GameModuleKit.swift */; };
		0DB1A6EA2A7CF0DE008D0ECE /* GameModels.swift in Sources */ = {isa = PBXBuildFile; fileRef = 0DB1A6BE2A7CF0DE008D0ECE /* GameModels.swift */; };
		0DB1A6EB2A7CF0DE008D0ECE /* GameBusinessLogic.swift in Sources */ = {isa = PBXBuildFile; fileRef = 0DB1A6BF2A7CF0DE008D0ECE /* GameBusinessLogic.swift */; };
		0DB1A6EC2A7CF0DE008D0ECE /* GameInteractionLogic.swift in Sources */ = {isa = PBXBuildFile; fileRef = 0DB1A6C12A7CF0DE008D0ECE /* GameInteractionLogic.swift */; };
		0DB1A6ED2A7CF0DE008D0ECE /* GameViewController.swift in Sources */ = {isa = PBXBuildFile; fileRef = 0DB1A6C22A7CF0DE008D0ECE /* GameViewController.swift */; };
		0DB1A6EE2A7CF0DE008D0ECE /* GameCell.swift in Sources */ = {isa = PBXBuildFile; fileRef = 0DB1A6C42A7CF0DE008D0ECE /* GameCell.swift */; };
		0DB1A6EF2A7CF0DE008D0ECE /* DateCell.swift in Sources */ = {isa = PBXBuildFile; fileRef = 0DB1A6C52A7CF0DE008D0ECE /* DateCell.swift */; };
		0DB1A6F02A7CF0DE008D0ECE /* GameDisplayLogic.swift in Sources */ = {isa = PBXBuildFile; fileRef = 0DB1A6C62A7CF0DE008D0ECE /* GameDisplayLogic.swift */; };
		0DB1A6F12A7CF0DE008D0ECE /* GameCollectionView.swift in Sources */ = {isa = PBXBuildFile; fileRef = 0DB1A6C82A7CF0DE008D0ECE /* GameCollectionView.swift */; };
		0DB1A6F22A7CF0DE008D0ECE /* DateCollectionView.swift in Sources */ = {isa = PBXBuildFile; fileRef = 0DB1A6C92A7CF0DE008D0ECE /* DateCollectionView.swift */; };
		0DB1A6F32A7CF0DE008D0ECE /* StandingProtocol.swift in Sources */ = {isa = PBXBuildFile; fileRef = 0DB1A6CD2A7CF0DE008D0ECE /* StandingProtocol.swift */; };
		0DB1A6F42A7CF0DE008D0ECE /* StandingPresenter.swift in Sources */ = {isa = PBXBuildFile; fileRef = 0DB1A6CE2A7CF0DE008D0ECE /* StandingPresenter.swift */; };
		0DB1A6F52A7CF0DE008D0ECE /* StandingModuleKit.swift in Sources */ = {isa = PBXBuildFile; fileRef = 0DB1A6CF2A7CF0DE008D0ECE /* StandingModuleKit.swift */; };
		0DB1A6F62A7CF0DE008D0ECE /* StandingModels.swift in Sources */ = {isa = PBXBuildFile; fileRef = 0DB1A6D02A7CF0DE008D0ECE /* StandingModels.swift */; };
		0DB1A6F72A7CF0DE008D0ECE /* StandingInteractionLogic.swift in Sources */ = {isa = PBXBuildFile; fileRef = 0DB1A6D22A7CF0DE008D0ECE /* StandingInteractionLogic.swift */; };
		0DB1A6F82A7CF0DE008D0ECE /* StandingDisplayLogic.swift in Sources */ = {isa = PBXBuildFile; fileRef = 0DB1A6D32A7CF0DE008D0ECE /* StandingDisplayLogic.swift */; };
		0DB1A6F92A7CF0DE008D0ECE /* StandingViewController.swift in Sources */ = {isa = PBXBuildFile; fileRef = 0DB1A6D42A7CF0DE008D0ECE /* StandingViewController.swift */; };
		0DB1A6FA2A7CF0DE008D0ECE /* CompetitionModuleKit.swift in Sources */ = {isa = PBXBuildFile; fileRef = 0DB1A6D72A7CF0DE008D0ECE /* CompetitionModuleKit.swift */; };
		0DB1A6FC2A7CF0DE008D0ECE /* NavigationController.swift in Sources */ = {isa = PBXBuildFile; fileRef = 0DB1A6DA2A7CF0DE008D0ECE /* NavigationController.swift */; };
		0DB1A6FD2A7CF0DE008D0ECE /* CompetitionModels.swift in Sources */ = {isa = PBXBuildFile; fileRef = 0DB1A6DB2A7CF0DE008D0ECE /* CompetitionModels.swift */; };
		0DB1A6FE2A7CF0DE008D0ECE /* CompetitionProtocols.swift in Sources */ = {isa = PBXBuildFile; fileRef = 0DB1A6DC2A7CF0DE008D0ECE /* CompetitionProtocols.swift */; };
		0DB1A6FF2A7CF0DE008D0ECE /* CompetitionPresenter.swift in Sources */ = {isa = PBXBuildFile; fileRef = 0DB1A6DD2A7CF0DE008D0ECE /* CompetitionPresenter.swift */; };
		0DB1A7002A7CF0DE008D0ECE /* CompetitionInteractionLogic.swift in Sources */ = {isa = PBXBuildFile; fileRef = 0DB1A6DF2A7CF0DE008D0ECE /* CompetitionInteractionLogic.swift */; };
		0DB1A7012A7CF0DE008D0ECE /* CompetitionCell.swift in Sources */ = {isa = PBXBuildFile; fileRef = 0DB1A6E12A7CF0DE008D0ECE /* CompetitionCell.swift */; };
		0DB1A7022A7CF0DE008D0ECE /* CompetitionDisplayLogic.swift in Sources */ = {isa = PBXBuildFile; fileRef = 0DB1A6E22A7CF0DE008D0ECE /* CompetitionDisplayLogic.swift */; };
		0DB1A7032A7CF0DE008D0ECE /* CompetitionCollectionView.swift in Sources */ = {isa = PBXBuildFile; fileRef = 0DB1A6E42A7CF0DE008D0ECE /* CompetitionCollectionView.swift */; };
		0DB1A7042A7CF0DE008D0ECE /* CompetitionViewController.swift in Sources */ = {isa = PBXBuildFile; fileRef = 0DB1A6E62A7CF0DE008D0ECE /* CompetitionViewController.swift */; };
		0DB1A7072A7CF1D6008D0ECE /* Kingfisher in Frameworks */ = {isa = PBXBuildFile; productRef = 0DB1A7062A7CF1D6008D0ECE /* Kingfisher */; };
		0DB1A7092A7CFA0B008D0ECE /* GameResponse.swift in Sources */ = {isa = PBXBuildFile; fileRef = 0DB1A7082A7CFA0B008D0ECE /* GameResponse.swift */; };
		0DB1A7132A81827A008D0ECE /* StandingCollectionView.swift in Sources */ = {isa = PBXBuildFile; fileRef = 0DB1A7122A81827A008D0ECE /* StandingCollectionView.swift */; };
		0DB1A7152A8183DE008D0ECE /* RestStanding.swift in Sources */ = {isa = PBXBuildFile; fileRef = 0DB1A7142A8183DE008D0ECE /* RestStanding.swift */; };
		0DB1A7182A82D9FF008D0ECE /* StandingCell.swift in Sources */ = {isa = PBXBuildFile; fileRef = 0DB1A7172A82D9FF008D0ECE /* StandingCell.swift */; };
		0DB1A71A2A855AA2008D0ECE /* HeaderCell.swift in Sources */ = {isa = PBXBuildFile; fileRef = 0DB1A7192A855AA2008D0ECE /* HeaderCell.swift */; };
		0DB1A71C2A878DBA008D0ECE /* ConfigApi.swift in Sources */ = {isa = PBXBuildFile; fileRef = 0DB1A71B2A878DBA008D0ECE /* ConfigApi.swift */; };
		0DB1A71F2A879008008D0ECE /* MockUrlSession.swift in Sources */ = {isa = PBXBuildFile; fileRef = 0DB1A71E2A879008008D0ECE /* MockUrlSession.swift */; };
		0DB1A7202A879626008D0ECE /* MockGame.json in Resources */ = {isa = PBXBuildFile; fileRef = 0DB1A71D2A878FBA008D0ECE /* MockGame.json */; };
		0DDC25FA2A8B7606004BD42F /* MockStanding.json in Resources */ = {isa = PBXBuildFile; fileRef = 0DDC25F92A8B7606004BD42F /* MockStanding.json */; };
		0DDC26002A8B77FC004BD42F /* MockDisplayStanding.swift in Sources */ = {isa = PBXBuildFile; fileRef = 0DDC25FC2A8B77FC004BD42F /* MockDisplayStanding.swift */; };
		0DDC26032A8B77FC004BD42F /* MockInteractorStanding.swift in Sources */ = {isa = PBXBuildFile; fileRef = 0DDC25FF2A8B77FC004BD42F /* MockInteractorStanding.swift */; };
		0DDC260B2A8C2236004BD42F /* FirebaseAnalytics in Frameworks */ = {isa = PBXBuildFile; productRef = 0DDC260A2A8C2236004BD42F /* FirebaseAnalytics */; };
/* End PBXBuildFile section */

/* Begin PBXContainerItemProxy section */
		0D2E5F562A8ED26C00191CDF /* PBXContainerItemProxy */ = {
			isa = PBXContainerItemProxy;
			containerPortal = 0DB1A6472A7CEF6C008D0ECE /* Project object */;
			proxyType = 1;
			remoteGlobalIDString = 0DB1A64E2A7CEF6C008D0ECE;
			remoteInfo = ResultSport;
		};
		0DB1A6702A7CEF6D008D0ECE /* PBXContainerItemProxy */ = {
			isa = PBXContainerItemProxy;
			containerPortal = 0DB1A6472A7CEF6C008D0ECE /* Project object */;
			proxyType = 1;
			remoteGlobalIDString = 0DB1A64E2A7CEF6C008D0ECE;
			remoteInfo = ResultSport;
		};
/* End PBXContainerItemProxy section */

/* Begin PBXFileReference section */
		0D1AD3BC2A8A1C1D001D1E24 /* MockDisplay.swift */ = {isa = PBXFileReference; lastKnownFileType = sourcecode.swift; path = MockDisplay.swift; sourceTree = "<group>"; };
		0D25A6D72A8EBD2500348AD5 /* XCTest.framework */ = {isa = PBXFileReference; lastKnownFileType = wrapper.framework; name = XCTest.framework; path = Platforms/iPhoneOS.platform/Developer/Library/Frameworks/XCTest.framework; sourceTree = DEVELOPER_DIR; };
		0D2CA03C2A96127D00E9EF53 /* GoogleService-Info.plist */ = {isa = PBXFileReference; fileEncoding = 4; lastKnownFileType = text.plist.xml; path = "GoogleService-Info.plist"; sourceTree = "<group>"; };
		0D2CA0402A9CCAC900E9EF53 /* MatchStatusSegmented.swift */ = {isa = PBXFileReference; lastKnownFileType = sourcecode.swift; path = MatchStatusSegmented.swift; sourceTree = "<group>"; };
		0D2CA0422A9E120C00E9EF53 /* SoccerPitch.swift */ = {isa = PBXFileReference; lastKnownFileType = sourcecode.swift; path = SoccerPitch.swift; sourceTree = "<group>"; };
		0D2CA0452A9E305600E9EF53 /* PlayerView.swift */ = {isa = PBXFileReference; lastKnownFileType = sourcecode.swift; path = PlayerView.swift; sourceTree = "<group>"; };
		0D2CA0472A9E3A4400E9EF53 /* SoccerViewController.swift */ = {isa = PBXFileReference; lastKnownFileType = sourcecode.swift; path = SoccerViewController.swift; sourceTree = "<group>"; };
		0D2E5F402A8EC39B00191CDF /* Competitions.swift */ = {isa = PBXFileReference; fileEncoding = 4; lastKnownFileType = sourcecode.swift; path = Competitions.swift; sourceTree = "<group>"; };
		0D2E5F422A8EC3ED00191CDF /* MockPresenterStanding.swift */ = {isa = PBXFileReference; fileEncoding = 4; lastKnownFileType = sourcecode.swift; path = MockPresenterStanding.swift; sourceTree = "<group>"; };
		0D2E5F442A8EC4C200191CDF /* MockDisplayGame.swift */ = {isa = PBXFileReference; fileEncoding = 4; lastKnownFileType = sourcecode.swift; path = MockDisplayGame.swift; sourceTree = "<group>"; };
		0D2E5F462A8EC58C00191CDF /* MockInteractor.swift */ = {isa = PBXFileReference; fileEncoding = 4; lastKnownFileType = sourcecode.swift; path = MockInteractor.swift; sourceTree = "<group>"; };
		0D2E5F482A8EC5C900191CDF /* MockRouteurStanding.swift */ = {isa = PBXFileReference; fileEncoding = 4; lastKnownFileType = sourcecode.swift; path = MockRouteurStanding.swift; sourceTree = "<group>"; };
		0D2E5F4E2A8EC67400191CDF /* Standing.swift */ = {isa = PBXFileReference; fileEncoding = 4; lastKnownFileType = sourcecode.swift; path = Standing.swift; sourceTree = "<group>"; };
		0D4D52482A8A2CA10096DCA5 /* MockPresenter.swift */ = {isa = PBXFileReference; lastKnownFileType = sourcecode.swift; path = MockPresenter.swift; sourceTree = "<group>"; };
		0D4D524A2A8A2D170096DCA5 /* MockRouteur.swift */ = {isa = PBXFileReference; lastKnownFileType = sourcecode.swift; path = MockRouteur.swift; sourceTree = "<group>"; };
		0D4D524E2A8A2E660096DCA5 /* Game.swift */ = {isa = PBXFileReference; lastKnownFileType = sourcecode.swift; path = Game.swift; sourceTree = "<group>"; };
		0D4D52522A8AB78D0096DCA5 /* MockRouteurGame.swift */ = {isa = PBXFileReference; fileEncoding = 4; lastKnownFileType = sourcecode.swift; path = MockRouteurGame.swift; sourceTree = "<group>"; };
		0D4D52532A8AB78D0096DCA5 /* MockInteractorGame.swift */ = {isa = PBXFileReference; fileEncoding = 4; lastKnownFileType = sourcecode.swift; path = MockInteractorGame.swift; sourceTree = "<group>"; };
		0D4D52542A8AB78D0096DCA5 /* MockPresenterGame.swift */ = {isa = PBXFileReference; fileEncoding = 4; lastKnownFileType = sourcecode.swift; path = MockPresenterGame.swift; sourceTree = "<group>"; };
		0D68C9D12A87E36700106E47 /* ResultSport.xctestplan */ = {isa = PBXFileReference; lastKnownFileType = text; path = ResultSport.xctestplan; sourceTree = "<group>"; };
		0DA6B01D2A87E22400BC0309 /* MockCompetition.json */ = {isa = PBXFileReference; lastKnownFileType = text.json; path = MockCompetition.json; sourceTree = "<group>"; };
		0DB1A64F2A7CEF6C008D0ECE /* ResultSport.app */ = {isa = PBXFileReference; explicitFileType = wrapper.application; includeInIndex = 0; path = ResultSport.app; sourceTree = BUILT_PRODUCTS_DIR; };
		0DB1A6602A7CEF6D008D0ECE /* Info.plist */ = {isa = PBXFileReference; lastKnownFileType = text.plist.xml; path = Info.plist; sourceTree = "<group>"; };
		0DB1A6652A7CEF6D008D0ECE /* ResultSportTests.xctest */ = {isa = PBXFileReference; explicitFileType = wrapper.cfbundle; includeInIndex = 0; path = ResultSportTests.xctest; sourceTree = BUILT_PRODUCTS_DIR; };
		0DB1A66F2A7CEF6D008D0ECE /* ResultSportUITests.xctest */ = {isa = PBXFileReference; explicitFileType = wrapper.cfbundle; includeInIndex = 0; path = ResultSportUITests.xctest; sourceTree = BUILT_PRODUCTS_DIR; };
		0DB1A6732A7CEF6D008D0ECE /* ResultSportUITests.swift */ = {isa = PBXFileReference; lastKnownFileType = sourcecode.swift; path = ResultSportUITests.swift; sourceTree = "<group>"; };
		0DB1A6752A7CEF6D008D0ECE /* ResultSportUITestsLaunchTests.swift */ = {isa = PBXFileReference; lastKnownFileType = sourcecode.swift; path = ResultSportUITestsLaunchTests.swift; sourceTree = "<group>"; };
		0DB1A6842A7CF003008D0ECE /* GameInteractor.swift */ = {isa = PBXFileReference; fileEncoding = 4; lastKnownFileType = sourcecode.swift; path = GameInteractor.swift; sourceTree = "<group>"; };
		0DB1A6852A7CF003008D0ECE /* GameContext.swift */ = {isa = PBXFileReference; fileEncoding = 4; lastKnownFileType = sourcecode.swift; path = GameContext.swift; sourceTree = "<group>"; };
		0DB1A6862A7CF003008D0ECE /* GameModule.swift */ = {isa = PBXFileReference; fileEncoding = 4; lastKnownFileType = sourcecode.swift; path = GameModule.swift; sourceTree = "<group>"; };
		0DB1A6872A7CF003008D0ECE /* GameRouter.swift */ = {isa = PBXFileReference; fileEncoding = 4; lastKnownFileType = sourcecode.swift; path = GameRouter.swift; sourceTree = "<group>"; };
		0DB1A6892A7CF003008D0ECE /* StandingContext.swift */ = {isa = PBXFileReference; fileEncoding = 4; lastKnownFileType = sourcecode.swift; path = StandingContext.swift; sourceTree = "<group>"; };
		0DB1A68A2A7CF003008D0ECE /* StandingModule.swift */ = {isa = PBXFileReference; fileEncoding = 4; lastKnownFileType = sourcecode.swift; path = StandingModule.swift; sourceTree = "<group>"; };
		0DB1A68B2A7CF003008D0ECE /* StandingInteractor.swift */ = {isa = PBXFileReference; fileEncoding = 4; lastKnownFileType = sourcecode.swift; path = StandingInteractor.swift; sourceTree = "<group>"; };
		0DB1A68C2A7CF003008D0ECE /* StandingRouter.swift */ = {isa = PBXFileReference; fileEncoding = 4; lastKnownFileType = sourcecode.swift; path = StandingRouter.swift; sourceTree = "<group>"; };
		0DB1A68E2A7CF003008D0ECE /* CompetitionInteractor.swift */ = {isa = PBXFileReference; fileEncoding = 4; lastKnownFileType = sourcecode.swift; path = CompetitionInteractor.swift; sourceTree = "<group>"; };
		0DB1A68F2A7CF003008D0ECE /* CompetitionContext.swift */ = {isa = PBXFileReference; fileEncoding = 4; lastKnownFileType = sourcecode.swift; path = CompetitionContext.swift; sourceTree = "<group>"; };
		0DB1A6902A7CF003008D0ECE /* CompetitionModule.swift */ = {isa = PBXFileReference; fileEncoding = 4; lastKnownFileType = sourcecode.swift; path = CompetitionModule.swift; sourceTree = "<group>"; };
		0DB1A6912A7CF003008D0ECE /* CompetitionRouter.swift */ = {isa = PBXFileReference; fileEncoding = 4; lastKnownFileType = sourcecode.swift; path = CompetitionRouter.swift; sourceTree = "<group>"; };
		0DB1A69F2A7CF00B008D0ECE /* RestSchedule.swift */ = {isa = PBXFileReference; fileEncoding = 4; lastKnownFileType = sourcecode.swift; path = RestSchedule.swift; sourceTree = "<group>"; };
		0DB1A6A02A7CF00B008D0ECE /* RestCompetitions.swift */ = {isa = PBXFileReference; fileEncoding = 4; lastKnownFileType = sourcecode.swift; path = RestCompetitions.swift; sourceTree = "<group>"; };
		0DB1A6A42A7CF012008D0ECE /* Assets.xcassets */ = {isa = PBXFileReference; lastKnownFileType = folder.assetcatalog; path = Assets.xcassets; sourceTree = "<group>"; };
		0DB1A6A62A7CF012008D0ECE /* Base */ = {isa = PBXFileReference; lastKnownFileType = file.storyboard; name = Base; path = Base.lproj/LaunchScreen.storyboard; sourceTree = "<group>"; };
		0DB1A6A82A7CF012008D0ECE /* Base */ = {isa = PBXFileReference; lastKnownFileType = file.storyboard; name = Base; path = Base.lproj/Main.storyboard; sourceTree = "<group>"; };
		0DB1A6AA2A7CF012008D0ECE /* AppDelegate.swift */ = {isa = PBXFileReference; fileEncoding = 4; lastKnownFileType = sourcecode.swift; path = AppDelegate.swift; sourceTree = "<group>"; };
		0DB1A6AB2A7CF012008D0ECE /* SceneDelegate.swift */ = {isa = PBXFileReference; fileEncoding = 4; lastKnownFileType = sourcecode.swift; path = SceneDelegate.swift; sourceTree = "<group>"; };
		0DB1A6B32A7CF02A008D0ECE /* HTTPRequest.swift */ = {isa = PBXFileReference; fileEncoding = 4; lastKnownFileType = sourcecode.swift; path = HTTPRequest.swift; sourceTree = "<group>"; };
		0DB1A6B52A7CF043008D0ECE /* TabBarViewController.swift */ = {isa = PBXFileReference; fileEncoding = 4; lastKnownFileType = sourcecode.swift; path = TabBarViewController.swift; sourceTree = "<group>"; };
		0DB1A6BA2A7CF0DE008D0ECE /* GamePresenter.swift */ = {isa = PBXFileReference; fileEncoding = 4; lastKnownFileType = sourcecode.swift; path = GamePresenter.swift; sourceTree = "<group>"; };
		0DB1A6BC2A7CF0DE008D0ECE /* Color.swift */ = {isa = PBXFileReference; fileEncoding = 4; lastKnownFileType = sourcecode.swift; path = Color.swift; sourceTree = "<group>"; };
		0DB1A6BD2A7CF0DE008D0ECE /* GameModuleKit.swift */ = {isa = PBXFileReference; fileEncoding = 4; lastKnownFileType = sourcecode.swift; path = GameModuleKit.swift; sourceTree = "<group>"; };
		0DB1A6BE2A7CF0DE008D0ECE /* GameModels.swift */ = {isa = PBXFileReference; fileEncoding = 4; lastKnownFileType = sourcecode.swift; path = GameModels.swift; sourceTree = "<group>"; };
		0DB1A6BF2A7CF0DE008D0ECE /* GameBusinessLogic.swift */ = {isa = PBXFileReference; fileEncoding = 4; lastKnownFileType = sourcecode.swift; path = GameBusinessLogic.swift; sourceTree = "<group>"; };
		0DB1A6C12A7CF0DE008D0ECE /* GameInteractionLogic.swift */ = {isa = PBXFileReference; fileEncoding = 4; lastKnownFileType = sourcecode.swift; path = GameInteractionLogic.swift; sourceTree = "<group>"; };
		0DB1A6C22A7CF0DE008D0ECE /* GameViewController.swift */ = {isa = PBXFileReference; fileEncoding = 4; lastKnownFileType = sourcecode.swift; path = GameViewController.swift; sourceTree = "<group>"; };
		0DB1A6C42A7CF0DE008D0ECE /* GameCell.swift */ = {isa = PBXFileReference; fileEncoding = 4; lastKnownFileType = sourcecode.swift; path = GameCell.swift; sourceTree = "<group>"; };
		0DB1A6C52A7CF0DE008D0ECE /* DateCell.swift */ = {isa = PBXFileReference; fileEncoding = 4; lastKnownFileType = sourcecode.swift; path = DateCell.swift; sourceTree = "<group>"; };
		0DB1A6C62A7CF0DE008D0ECE /* GameDisplayLogic.swift */ = {isa = PBXFileReference; fileEncoding = 4; lastKnownFileType = sourcecode.swift; path = GameDisplayLogic.swift; sourceTree = "<group>"; };
		0DB1A6C82A7CF0DE008D0ECE /* GameCollectionView.swift */ = {isa = PBXFileReference; fileEncoding = 4; lastKnownFileType = sourcecode.swift; path = GameCollectionView.swift; sourceTree = "<group>"; };
		0DB1A6C92A7CF0DE008D0ECE /* DateCollectionView.swift */ = {isa = PBXFileReference; fileEncoding = 4; lastKnownFileType = sourcecode.swift; path = DateCollectionView.swift; sourceTree = "<group>"; };
		0DB1A6CD2A7CF0DE008D0ECE /* StandingProtocol.swift */ = {isa = PBXFileReference; fileEncoding = 4; lastKnownFileType = sourcecode.swift; path = StandingProtocol.swift; sourceTree = "<group>"; };
		0DB1A6CE2A7CF0DE008D0ECE /* StandingPresenter.swift */ = {isa = PBXFileReference; fileEncoding = 4; lastKnownFileType = sourcecode.swift; path = StandingPresenter.swift; sourceTree = "<group>"; };
		0DB1A6CF2A7CF0DE008D0ECE /* StandingModuleKit.swift */ = {isa = PBXFileReference; fileEncoding = 4; lastKnownFileType = sourcecode.swift; path = StandingModuleKit.swift; sourceTree = "<group>"; };
		0DB1A6D02A7CF0DE008D0ECE /* StandingModels.swift */ = {isa = PBXFileReference; fileEncoding = 4; lastKnownFileType = sourcecode.swift; path = StandingModels.swift; sourceTree = "<group>"; };
		0DB1A6D22A7CF0DE008D0ECE /* StandingInteractionLogic.swift */ = {isa = PBXFileReference; fileEncoding = 4; lastKnownFileType = sourcecode.swift; path = StandingInteractionLogic.swift; sourceTree = "<group>"; };
		0DB1A6D32A7CF0DE008D0ECE /* StandingDisplayLogic.swift */ = {isa = PBXFileReference; fileEncoding = 4; lastKnownFileType = sourcecode.swift; path = StandingDisplayLogic.swift; sourceTree = "<group>"; };
		0DB1A6D42A7CF0DE008D0ECE /* StandingViewController.swift */ = {isa = PBXFileReference; fileEncoding = 4; lastKnownFileType = sourcecode.swift; path = StandingViewController.swift; sourceTree = "<group>"; };
		0DB1A6D72A7CF0DE008D0ECE /* CompetitionModuleKit.swift */ = {isa = PBXFileReference; fileEncoding = 4; lastKnownFileType = sourcecode.swift; path = CompetitionModuleKit.swift; sourceTree = "<group>"; };
		0DB1A6DA2A7CF0DE008D0ECE /* NavigationController.swift */ = {isa = PBXFileReference; fileEncoding = 4; lastKnownFileType = sourcecode.swift; path = NavigationController.swift; sourceTree = "<group>"; };
		0DB1A6DB2A7CF0DE008D0ECE /* CompetitionModels.swift */ = {isa = PBXFileReference; fileEncoding = 4; lastKnownFileType = sourcecode.swift; path = CompetitionModels.swift; sourceTree = "<group>"; };
		0DB1A6DC2A7CF0DE008D0ECE /* CompetitionProtocols.swift */ = {isa = PBXFileReference; fileEncoding = 4; lastKnownFileType = sourcecode.swift; path = CompetitionProtocols.swift; sourceTree = "<group>"; };
		0DB1A6DD2A7CF0DE008D0ECE /* CompetitionPresenter.swift */ = {isa = PBXFileReference; fileEncoding = 4; lastKnownFileType = sourcecode.swift; path = CompetitionPresenter.swift; sourceTree = "<group>"; };
		0DB1A6DF2A7CF0DE008D0ECE /* CompetitionInteractionLogic.swift */ = {isa = PBXFileReference; fileEncoding = 4; lastKnownFileType = sourcecode.swift; path = CompetitionInteractionLogic.swift; sourceTree = "<group>"; };
		0DB1A6E12A7CF0DE008D0ECE /* CompetitionCell.swift */ = {isa = PBXFileReference; fileEncoding = 4; lastKnownFileType = sourcecode.swift; path = CompetitionCell.swift; sourceTree = "<group>"; };
		0DB1A6E22A7CF0DE008D0ECE /* CompetitionDisplayLogic.swift */ = {isa = PBXFileReference; fileEncoding = 4; lastKnownFileType = sourcecode.swift; path = CompetitionDisplayLogic.swift; sourceTree = "<group>"; };
		0DB1A6E42A7CF0DE008D0ECE /* CompetitionCollectionView.swift */ = {isa = PBXFileReference; fileEncoding = 4; lastKnownFileType = sourcecode.swift; path = CompetitionCollectionView.swift; sourceTree = "<group>"; };
		0DB1A6E62A7CF0DE008D0ECE /* CompetitionViewController.swift */ = {isa = PBXFileReference; fileEncoding = 4; lastKnownFileType = sourcecode.swift; path = CompetitionViewController.swift; sourceTree = "<group>"; };
		0DB1A7082A7CFA0B008D0ECE /* GameResponse.swift */ = {isa = PBXFileReference; lastKnownFileType = sourcecode.swift; path = GameResponse.swift; sourceTree = "<group>"; };
		0DB1A7122A81827A008D0ECE /* StandingCollectionView.swift */ = {isa = PBXFileReference; lastKnownFileType = sourcecode.swift; path = StandingCollectionView.swift; sourceTree = "<group>"; };
		0DB1A7142A8183DE008D0ECE /* RestStanding.swift */ = {isa = PBXFileReference; lastKnownFileType = sourcecode.swift; path = RestStanding.swift; sourceTree = "<group>"; };
		0DB1A7172A82D9FF008D0ECE /* StandingCell.swift */ = {isa = PBXFileReference; lastKnownFileType = sourcecode.swift; path = StandingCell.swift; sourceTree = "<group>"; };
		0DB1A7192A855AA2008D0ECE /* HeaderCell.swift */ = {isa = PBXFileReference; lastKnownFileType = sourcecode.swift; path = HeaderCell.swift; sourceTree = "<group>"; };
		0DB1A71B2A878DBA008D0ECE /* ConfigApi.swift */ = {isa = PBXFileReference; lastKnownFileType = sourcecode.swift; path = ConfigApi.swift; sourceTree = "<group>"; };
		0DB1A71D2A878FBA008D0ECE /* MockGame.json */ = {isa = PBXFileReference; lastKnownFileType = text.json; path = MockGame.json; sourceTree = "<group>"; };
		0DB1A71E2A879008008D0ECE /* MockUrlSession.swift */ = {isa = PBXFileReference; lastKnownFileType = sourcecode.swift; path = MockUrlSession.swift; sourceTree = "<group>"; };
		0DDC25F92A8B7606004BD42F /* MockStanding.json */ = {isa = PBXFileReference; lastKnownFileType = text.json; path = MockStanding.json; sourceTree = "<group>"; };
		0DDC25FC2A8B77FC004BD42F /* MockDisplayStanding.swift */ = {isa = PBXFileReference; fileEncoding = 4; lastKnownFileType = sourcecode.swift; path = MockDisplayStanding.swift; sourceTree = "<group>"; };
		0DDC25FF2A8B77FC004BD42F /* MockInteractorStanding.swift */ = {isa = PBXFileReference; fileEncoding = 4; lastKnownFileType = sourcecode.swift; path = MockInteractorStanding.swift; sourceTree = "<group>"; };
/* End PBXFileReference section */

/* Begin PBXFrameworksBuildPhase section */
		0DB1A64C2A7CEF6C008D0ECE /* Frameworks */ = {
			isa = PBXFrameworksBuildPhase;
			buildActionMask = 2147483647;
			files = (
				0DDC260B2A8C2236004BD42F /* FirebaseAnalytics in Frameworks */,
				0DB1A7072A7CF1D6008D0ECE /* Kingfisher in Frameworks */,
			);
			runOnlyForDeploymentPostprocessing = 0;
		};
		0DB1A6622A7CEF6D008D0ECE /* Frameworks */ = {
			isa = PBXFrameworksBuildPhase;
			buildActionMask = 2147483647;
			files = (
				0D8B07742A8F762D004B096F /* FirebaseAnalytics in Frameworks */,
			);
			runOnlyForDeploymentPostprocessing = 0;
		};
		0DB1A66C2A7CEF6D008D0ECE /* Frameworks */ = {
			isa = PBXFrameworksBuildPhase;
			buildActionMask = 2147483647;
			files = (
			);
			runOnlyForDeploymentPostprocessing = 0;
		};
/* End PBXFrameworksBuildPhase section */

/* Begin PBXGroup section */
		0D25A6D62A8EBD2500348AD5 /* Frameworks */ = {
			isa = PBXGroup;
			children = (
				0D25A6D72A8EBD2500348AD5 /* XCTest.framework */,
			);
			name = Frameworks;
			sourceTree = "<group>";
		};
		0D2CA0392A93E7C200E9EF53 /* CompetitionModule */ = {
			isa = PBXGroup;
			children = (
				0DB1A6D52A7CF0DE008D0ECE /* Competition */,
			);
			path = CompetitionModule;
			sourceTree = "<group>";
		};
		0D2CA0442A9E304100E9EF53 /* ViewSoccer */ = {
			isa = PBXGroup;
			children = (
				0D2CA0422A9E120C00E9EF53 /* SoccerPitch.swift */,
				0D2CA0452A9E305600E9EF53 /* PlayerView.swift */,
				0D2CA0472A9E3A4400E9EF53 /* SoccerViewController.swift */,
			);
			path = ViewSoccer;
			sourceTree = "<group>";
		};
		0D4D524C2A8A2E090096DCA5 /* MockCompetition */ = {
			isa = PBXGroup;
			children = (
				0D4D52482A8A2CA10096DCA5 /* MockPresenter.swift */,
				0D2E5F462A8EC58C00191CDF /* MockInteractor.swift */,
				0D4D524A2A8A2D170096DCA5 /* MockRouteur.swift */,
				0D1AD3BC2A8A1C1D001D1E24 /* MockDisplay.swift */,
			);
			path = MockCompetition;
			sourceTree = "<group>";
		};
		0D4D524D2A8A2E390096DCA5 /* TestGame */ = {
			isa = PBXGroup;
			children = (
				0D4D524E2A8A2E660096DCA5 /* Game.swift */,
			);
			path = TestGame;
			sourceTree = "<group>";
		};
		0D4D52502A8AB73D0096DCA5 /* MockGame */ = {
			isa = PBXGroup;
			children = (
				0D2E5F442A8EC4C200191CDF /* MockDisplayGame.swift */,
				0D4D52532A8AB78D0096DCA5 /* MockInteractorGame.swift */,
				0D4D52542A8AB78D0096DCA5 /* MockPresenterGame.swift */,
				0D4D52522A8AB78D0096DCA5 /* MockRouteurGame.swift */,
			);
			path = MockGame;
			sourceTree = "<group>";
		};
		0D68C9D22A8922A500106E47 /* TestCompetitions */ = {
			isa = PBXGroup;
			children = (
				0D2E5F402A8EC39B00191CDF /* Competitions.swift */,
			);
			path = TestCompetitions;
			sourceTree = "<group>";
		};
		0DA6B01C2A87E20500BC0309 /* Mock */ = {
			isa = PBXGroup;
			children = (
				0DB1A71D2A878FBA008D0ECE /* MockGame.json */,
				0DA6B01D2A87E22400BC0309 /* MockCompetition.json */,
				0DDC25F92A8B7606004BD42F /* MockStanding.json */,
			);
			path = Mock;
			sourceTree = "<group>";
		};
		0DB1A6462A7CEF6C008D0ECE = {
			isa = PBXGroup;
			children = (
				0D68C9D12A87E36700106E47 /* ResultSport.xctestplan */,
				0DB1A6512A7CEF6C008D0ECE /* ResultSport */,
				0DB1A6682A7CEF6D008D0ECE /* ResultSportTests */,
				0DB1A6722A7CEF6D008D0ECE /* ResultSportUITests */,
				0DB1A6502A7CEF6C008D0ECE /* Products */,
				0D25A6D62A8EBD2500348AD5 /* Frameworks */,
			);
			sourceTree = "<group>";
		};
		0DB1A6502A7CEF6C008D0ECE /* Products */ = {
			isa = PBXGroup;
			children = (
				0DB1A64F2A7CEF6C008D0ECE /* ResultSport.app */,
				0DB1A6652A7CEF6D008D0ECE /* ResultSportTests.xctest */,
				0DB1A66F2A7CEF6D008D0ECE /* ResultSportUITests.xctest */,
			);
			name = Products;
			sourceTree = "<group>";
		};
		0DB1A6512A7CEF6C008D0ECE /* ResultSport */ = {
			isa = PBXGroup;
			children = (
				0DB1A6602A7CEF6D008D0ECE /* Info.plist */,
				0DB1A6B52A7CF043008D0ECE /* TabBarViewController.swift */,
				0D2CA03C2A96127D00E9EF53 /* GoogleService-Info.plist */,
				0DB1A6A32A7CF012008D0ECE /* Ressources */,
				0DB1A6B72A7CF0DE008D0ECE /* Module */,
				0DB1A6822A7CF003008D0ECE /* SportScene */,
				0DB1A69E2A7CF00B008D0ECE /* RestModels */,
				0DB1A6B22A7CF02A008D0ECE /* Service */,
				0D2CA0442A9E304100E9EF53 /* ViewSoccer */,
				0DB1A6D82A7CF0DE008D0ECE /* Extension */,
			);
			path = ResultSport;
			sourceTree = "<group>";
		};
		0DB1A6682A7CEF6D008D0ECE /* ResultSportTests */ = {
			isa = PBXGroup;
			children = (
				0DB1A71E2A879008008D0ECE /* MockUrlSession.swift */,
				0D4D524C2A8A2E090096DCA5 /* MockCompetition */,
				0DDC25FB2A8B77FC004BD42F /* MockStanding */,
				0D4D52502A8AB73D0096DCA5 /* MockGame */,
				0D4D524D2A8A2E390096DCA5 /* TestGame */,
				0D68C9D22A8922A500106E47 /* TestCompetitions */,
				0DDC25F62A8B74A3004BD42F /* TestStanding */,
				0DA6B01C2A87E20500BC0309 /* Mock */,
			);
			path = ResultSportTests;
			sourceTree = "<group>";
		};
		0DB1A6722A7CEF6D008D0ECE /* ResultSportUITests */ = {
			isa = PBXGroup;
			children = (
				0DB1A6732A7CEF6D008D0ECE /* ResultSportUITests.swift */,
				0DB1A6752A7CEF6D008D0ECE /* ResultSportUITestsLaunchTests.swift */,
			);
			path = ResultSportUITests;
			sourceTree = "<group>";
		};
		0DB1A6822A7CF003008D0ECE /* SportScene */ = {
			isa = PBXGroup;
			children = (
				0DB1A6832A7CF003008D0ECE /* Game */,
				0DB1A6882A7CF003008D0ECE /* Standing */,
				0DB1A68D2A7CF003008D0ECE /* Competition */,
			);
			path = SportScene;
			sourceTree = "<group>";
		};
		0DB1A6832A7CF003008D0ECE /* Game */ = {
			isa = PBXGroup;
			children = (
				0DB1A6842A7CF003008D0ECE /* GameInteractor.swift */,
				0DB1A6852A7CF003008D0ECE /* GameContext.swift */,
				0DB1A6862A7CF003008D0ECE /* GameModule.swift */,
				0DB1A6872A7CF003008D0ECE /* GameRouter.swift */,
			);
			path = Game;
			sourceTree = "<group>";
		};
		0DB1A6882A7CF003008D0ECE /* Standing */ = {
			isa = PBXGroup;
			children = (
				0DB1A6892A7CF003008D0ECE /* StandingContext.swift */,
				0DB1A68A2A7CF003008D0ECE /* StandingModule.swift */,
				0DB1A68B2A7CF003008D0ECE /* StandingInteractor.swift */,
				0DB1A68C2A7CF003008D0ECE /* StandingRouter.swift */,
			);
			path = Standing;
			sourceTree = "<group>";
		};
		0DB1A68D2A7CF003008D0ECE /* Competition */ = {
			isa = PBXGroup;
			children = (
				0DB1A68E2A7CF003008D0ECE /* CompetitionInteractor.swift */,
				0DB1A68F2A7CF003008D0ECE /* CompetitionContext.swift */,
				0DB1A6902A7CF003008D0ECE /* CompetitionModule.swift */,
				0DB1A6912A7CF003008D0ECE /* CompetitionRouter.swift */,
			);
			path = Competition;
			sourceTree = "<group>";
		};
		0DB1A69E2A7CF00B008D0ECE /* RestModels */ = {
			isa = PBXGroup;
			children = (
				0DB1A69F2A7CF00B008D0ECE /* RestSchedule.swift */,
				0DB1A6A02A7CF00B008D0ECE /* RestCompetitions.swift */,
				0DB1A7142A8183DE008D0ECE /* RestStanding.swift */,
			);
			path = RestModels;
			sourceTree = "<group>";
		};
		0DB1A6A32A7CF012008D0ECE /* Ressources */ = {
			isa = PBXGroup;
			children = (
				0DB1A6A42A7CF012008D0ECE /* Assets.xcassets */,
				0DB1A6A52A7CF012008D0ECE /* LaunchScreen.storyboard */,
				0DB1A6A72A7CF012008D0ECE /* Main.storyboard */,
				0DB1A6AA2A7CF012008D0ECE /* AppDelegate.swift */,
				0DB1A6AB2A7CF012008D0ECE /* SceneDelegate.swift */,
			);
			path = Ressources;
			sourceTree = "<group>";
		};
		0DB1A6B22A7CF02A008D0ECE /* Service */ = {
			isa = PBXGroup;
			children = (
				0DB1A6B32A7CF02A008D0ECE /* HTTPRequest.swift */,
				0DB1A71B2A878DBA008D0ECE /* ConfigApi.swift */,
			);
			path = Service;
			sourceTree = "<group>";
		};
		0DB1A6B72A7CF0DE008D0ECE /* Module */ = {
			isa = PBXGroup;
			children = (
				0DB1A6B82A7CF0DE008D0ECE /* GameModule */,
				0DB1A6CA2A7CF0DE008D0ECE /* StandingModule */,
				0D2CA0392A93E7C200E9EF53 /* CompetitionModule */,
			);
			path = Module;
			sourceTree = "<group>";
		};
		0DB1A6B82A7CF0DE008D0ECE /* GameModule */ = {
			isa = PBXGroup;
			children = (
				0DB1A6B92A7CF0DE008D0ECE /* Public */,
				0DB1A6C02A7CF0DE008D0ECE /* Private */,
			);
			path = GameModule;
			sourceTree = "<group>";
		};
		0DB1A6B92A7CF0DE008D0ECE /* Public */ = {
			isa = PBXGroup;
			children = (
				0DB1A6BA2A7CF0DE008D0ECE /* GamePresenter.swift */,
				0DB1A6BD2A7CF0DE008D0ECE /* GameModuleKit.swift */,
				0DB1A6BE2A7CF0DE008D0ECE /* GameModels.swift */,
				0DB1A6BF2A7CF0DE008D0ECE /* GameBusinessLogic.swift */,
			);
			path = Public;
			sourceTree = "<group>";
		};
		0DB1A6C02A7CF0DE008D0ECE /* Private */ = {
			isa = PBXGroup;
			children = (
				0DB1A6C72A7CF0DE008D0ECE /* View */,
				0DB1A6C32A7CF0DE008D0ECE /* Cell */,
				0DB1A6C12A7CF0DE008D0ECE /* GameInteractionLogic.swift */,
				0DB1A6C22A7CF0DE008D0ECE /* GameViewController.swift */,
				0DB1A6C62A7CF0DE008D0ECE /* GameDisplayLogic.swift */,
			);
			path = Private;
			sourceTree = "<group>";
		};
		0DB1A6C32A7CF0DE008D0ECE /* Cell */ = {
			isa = PBXGroup;
			children = (
				0DB1A6C42A7CF0DE008D0ECE /* GameCell.swift */,
				0DB1A6C52A7CF0DE008D0ECE /* DateCell.swift */,
			);
			path = Cell;
			sourceTree = "<group>";
		};
		0DB1A6C72A7CF0DE008D0ECE /* View */ = {
			isa = PBXGroup;
			children = (
				0DB1A6C82A7CF0DE008D0ECE /* GameCollectionView.swift */,
				0DB1A6C92A7CF0DE008D0ECE /* DateCollectionView.swift */,
				0D2CA0402A9CCAC900E9EF53 /* MatchStatusSegmented.swift */,
			);
			path = View;
			sourceTree = "<group>";
		};
		0DB1A6CA2A7CF0DE008D0ECE /* StandingModule */ = {
			isa = PBXGroup;
			children = (
				0DB1A6CB2A7CF0DE008D0ECE /* Standing */,
			);
			path = StandingModule;
			sourceTree = "<group>";
		};
		0DB1A6CB2A7CF0DE008D0ECE /* Standing */ = {
			isa = PBXGroup;
			children = (
				0DB1A6CC2A7CF0DE008D0ECE /* Public */,
				0DB1A6D12A7CF0DE008D0ECE /* Private */,
			);
			path = Standing;
			sourceTree = "<group>";
		};
		0DB1A6CC2A7CF0DE008D0ECE /* Public */ = {
			isa = PBXGroup;
			children = (
				0DB1A6CD2A7CF0DE008D0ECE /* StandingProtocol.swift */,
				0DB1A6CE2A7CF0DE008D0ECE /* StandingPresenter.swift */,
				0DB1A6CF2A7CF0DE008D0ECE /* StandingModuleKit.swift */,
				0DB1A6D02A7CF0DE008D0ECE /* StandingModels.swift */,
			);
			path = Public;
			sourceTree = "<group>";
		};
		0DB1A6D12A7CF0DE008D0ECE /* Private */ = {
			isa = PBXGroup;
			children = (
				0DB1A7162A82D9D9008D0ECE /* Cell */,
				0DB1A7112A818266008D0ECE /* View */,
				0DB1A6D22A7CF0DE008D0ECE /* StandingInteractionLogic.swift */,
				0DB1A6D32A7CF0DE008D0ECE /* StandingDisplayLogic.swift */,
				0DB1A6D42A7CF0DE008D0ECE /* StandingViewController.swift */,
			);
			path = Private;
			sourceTree = "<group>";
		};
		0DB1A6D52A7CF0DE008D0ECE /* Competition */ = {
			isa = PBXGroup;
			children = (
				0DB1A6D62A7CF0DE008D0ECE /* Public */,
				0DB1A6DE2A7CF0DE008D0ECE /* Private */,
			);
			path = Competition;
			sourceTree = "<group>";
		};
		0DB1A6D62A7CF0DE008D0ECE /* Public */ = {
			isa = PBXGroup;
			children = (
				0DB1A6D72A7CF0DE008D0ECE /* CompetitionModuleKit.swift */,
				0DB1A6DB2A7CF0DE008D0ECE /* CompetitionModels.swift */,
				0DB1A6DC2A7CF0DE008D0ECE /* CompetitionProtocols.swift */,
				0DB1A6DD2A7CF0DE008D0ECE /* CompetitionPresenter.swift */,
			);
			path = Public;
			sourceTree = "<group>";
		};
		0DB1A6D82A7CF0DE008D0ECE /* Extension */ = {
			isa = PBXGroup;
			children = (
				0DB1A6BC2A7CF0DE008D0ECE /* Color.swift */,
				0DB1A6DA2A7CF0DE008D0ECE /* NavigationController.swift */,
				0DB1A7082A7CFA0B008D0ECE /* GameResponse.swift */,
			);
			path = Extension;
			sourceTree = "<group>";
		};
		0DB1A6DE2A7CF0DE008D0ECE /* Private */ = {
			isa = PBXGroup;
			children = (
				0DB1A6E02A7CF0DE008D0ECE /* Cell */,
				0DB1A6E32A7CF0DE008D0ECE /* View */,
				0DB1A6DF2A7CF0DE008D0ECE /* CompetitionInteractionLogic.swift */,
				0DB1A6E22A7CF0DE008D0ECE /* CompetitionDisplayLogic.swift */,
				0DB1A6E52A7CF0DE008D0ECE /* ViewController */,
			);
			path = Private;
			sourceTree = "<group>";
		};
		0DB1A6E02A7CF0DE008D0ECE /* Cell */ = {
			isa = PBXGroup;
			children = (
				0DB1A6E12A7CF0DE008D0ECE /* CompetitionCell.swift */,
			);
			path = Cell;
			sourceTree = "<group>";
		};
		0DB1A6E32A7CF0DE008D0ECE /* View */ = {
			isa = PBXGroup;
			children = (
				0DB1A6E42A7CF0DE008D0ECE /* CompetitionCollectionView.swift */,
			);
			path = View;
			sourceTree = "<group>";
		};
		0DB1A6E52A7CF0DE008D0ECE /* ViewController */ = {
			isa = PBXGroup;
			children = (
				0DB1A6E62A7CF0DE008D0ECE /* CompetitionViewController.swift */,
			);
			path = ViewController;
			sourceTree = "<group>";
		};
		0DB1A7112A818266008D0ECE /* View */ = {
			isa = PBXGroup;
			children = (
				0DB1A7122A81827A008D0ECE /* StandingCollectionView.swift */,
			);
			path = View;
			sourceTree = "<group>";
		};
		0DB1A7162A82D9D9008D0ECE /* Cell */ = {
			isa = PBXGroup;
			children = (
				0DB1A7172A82D9FF008D0ECE /* StandingCell.swift */,
				0DB1A7192A855AA2008D0ECE /* HeaderCell.swift */,
			);
			path = Cell;
			sourceTree = "<group>";
		};
		0DDC25F62A8B74A3004BD42F /* TestStanding */ = {
			isa = PBXGroup;
			children = (
				0D2E5F4E2A8EC67400191CDF /* Standing.swift */,
			);
			path = TestStanding;
			sourceTree = "<group>";
		};
		0DDC25FB2A8B77FC004BD42F /* MockStanding */ = {
			isa = PBXGroup;
			children = (
				0DDC25FC2A8B77FC004BD42F /* MockDisplayStanding.swift */,
				0D2E5F482A8EC5C900191CDF /* MockRouteurStanding.swift */,
				0D2E5F422A8EC3ED00191CDF /* MockPresenterStanding.swift */,
				0DDC25FF2A8B77FC004BD42F /* MockInteractorStanding.swift */,
			);
			path = MockStanding;
			sourceTree = "<group>";
		};
/* End PBXGroup section */

/* Begin PBXNativeTarget section */
		0DB1A64E2A7CEF6C008D0ECE /* ResultSport */ = {
			isa = PBXNativeTarget;
			buildConfigurationList = 0DB1A6792A7CEF6D008D0ECE /* Build configuration list for PBXNativeTarget "ResultSport" */;
			buildPhases = (
				0DB1A64B2A7CEF6C008D0ECE /* Sources */,
				0DB1A64C2A7CEF6C008D0ECE /* Frameworks */,
				0DB1A64D2A7CEF6C008D0ECE /* Resources */,
				0D2CA0382A93C11700E9EF53 /* ShellScript */,
			);
			buildRules = (
			);
			dependencies = (
			);
			name = ResultSport;
			packageProductDependencies = (
				0DB1A7062A7CF1D6008D0ECE /* Kingfisher */,
				0DDC260A2A8C2236004BD42F /* FirebaseAnalytics */,
			);
			productName = ResultSport;
			productReference = 0DB1A64F2A7CEF6C008D0ECE /* ResultSport.app */;
			productType = "com.apple.product-type.application";
		};
		0DB1A6642A7CEF6D008D0ECE /* ResultSportTests */ = {
			isa = PBXNativeTarget;
			buildConfigurationList = 0DB1A67C2A7CEF6D008D0ECE /* Build configuration list for PBXNativeTarget "ResultSportTests" */;
			buildPhases = (
				0DB1A6612A7CEF6D008D0ECE /* Sources */,
				0DB1A6622A7CEF6D008D0ECE /* Frameworks */,
				0DB1A6632A7CEF6D008D0ECE /* Resources */,
			);
			buildRules = (
			);
			dependencies = (
				0D2E5F572A8ED26C00191CDF /* PBXTargetDependency */,
			);
			name = ResultSportTests;
			packageProductDependencies = (
				0D8B07732A8F762D004B096F /* FirebaseAnalytics */,
			);
			productName = ResultSportTests;
			productReference = 0DB1A6652A7CEF6D008D0ECE /* ResultSportTests.xctest */;
			productType = "com.apple.product-type.bundle.unit-test";
		};
		0DB1A66E2A7CEF6D008D0ECE /* ResultSportUITests */ = {
			isa = PBXNativeTarget;
			buildConfigurationList = 0DB1A67F2A7CEF6D008D0ECE /* Build configuration list for PBXNativeTarget "ResultSportUITests" */;
			buildPhases = (
				0DB1A66B2A7CEF6D008D0ECE /* Sources */,
				0DB1A66C2A7CEF6D008D0ECE /* Frameworks */,
				0DB1A66D2A7CEF6D008D0ECE /* Resources */,
			);
			buildRules = (
			);
			dependencies = (
				0DB1A6712A7CEF6D008D0ECE /* PBXTargetDependency */,
			);
			name = ResultSportUITests;
			packageProductDependencies = (
			);
			productName = ResultSportUITests;
			productReference = 0DB1A66F2A7CEF6D008D0ECE /* ResultSportUITests.xctest */;
			productType = "com.apple.product-type.bundle.ui-testing";
		};
/* End PBXNativeTarget section */

/* Begin PBXProject section */
		0DB1A6472A7CEF6C008D0ECE /* Project object */ = {
			isa = PBXProject;
			attributes = {
				BuildIndependentTargetsInParallel = 1;
				LastSwiftUpdateCheck = 1430;
				LastUpgradeCheck = 1430;
				TargetAttributes = {
					0DB1A64E2A7CEF6C008D0ECE = {
						CreatedOnToolsVersion = 14.3.1;
					};
					0DB1A6642A7CEF6D008D0ECE = {
						CreatedOnToolsVersion = 14.3.1;
						TestTargetID = 0DB1A64E2A7CEF6C008D0ECE;
					};
					0DB1A66E2A7CEF6D008D0ECE = {
						CreatedOnToolsVersion = 14.3.1;
						TestTargetID = 0DB1A64E2A7CEF6C008D0ECE;
					};
				};
			};
			buildConfigurationList = 0DB1A64A2A7CEF6C008D0ECE /* Build configuration list for PBXProject "ResultSport" */;
			compatibilityVersion = "Xcode 14.0";
			developmentRegion = en;
			hasScannedForEncodings = 0;
			knownRegions = (
				en,
				Base,
			);
			mainGroup = 0DB1A6462A7CEF6C008D0ECE;
			packageReferences = (
				0DB1A7052A7CF1D6008D0ECE /* XCRemoteSwiftPackageReference "Kingfisher" */,
				0DDC26092A8C2236004BD42F /* XCRemoteSwiftPackageReference "firebase-ios-sdk" */,
			);
			productRefGroup = 0DB1A6502A7CEF6C008D0ECE /* Products */;
			projectDirPath = "";
			projectRoot = "";
			targets = (
				0DB1A64E2A7CEF6C008D0ECE /* ResultSport */,
				0DB1A6642A7CEF6D008D0ECE /* ResultSportTests */,
				0DB1A66E2A7CEF6D008D0ECE /* ResultSportUITests */,
			);
		};
/* End PBXProject section */

/* Begin PBXResourcesBuildPhase section */
		0DB1A64D2A7CEF6C008D0ECE /* Resources */ = {
			isa = PBXResourcesBuildPhase;
			buildActionMask = 2147483647;
			files = (
				0D2CA03D2A96127D00E9EF53 /* GoogleService-Info.plist in Resources */,
				0DB1A6AE2A7CF012008D0ECE /* Main.storyboard in Resources */,
				0DB1A6AD2A7CF012008D0ECE /* LaunchScreen.storyboard in Resources */,
				0DB1A6AC2A7CF012008D0ECE /* Assets.xcassets in Resources */,
			);
			runOnlyForDeploymentPostprocessing = 0;
		};
		0DB1A6632A7CEF6D008D0ECE /* Resources */ = {
			isa = PBXResourcesBuildPhase;
			buildActionMask = 2147483647;
			files = (
				0DA6B01E2A87E22400BC0309 /* MockCompetition.json in Resources */,
				0DDC25FA2A8B7606004BD42F /* MockStanding.json in Resources */,
				0DB1A7202A879626008D0ECE /* MockGame.json in Resources */,
			);
			runOnlyForDeploymentPostprocessing = 0;
		};
		0DB1A66D2A7CEF6D008D0ECE /* Resources */ = {
			isa = PBXResourcesBuildPhase;
			buildActionMask = 2147483647;
			files = (
			);
			runOnlyForDeploymentPostprocessing = 0;
		};
/* End PBXResourcesBuildPhase section */

/* Begin PBXShellScriptBuildPhase section */
		0D2CA0382A93C11700E9EF53 /* ShellScript */ = {
			isa = PBXShellScriptBuildPhase;
			alwaysOutOfDate = 1;
			buildActionMask = 12;
			files = (
			);
			inputFileListPaths = (
			);
			inputPaths = (
				"${DWARF_DSYM_FOLDER_PATH}/${DWARF_DSYM_FILE_NAME}",
				"${DWARF_DSYM_FOLDER_PATH}/${DWARF_DSYM_FILE_NAME}/Contents/Resources/DWARF/${PRODUCT_NAME}",
				"${DWARF_DSYM_FOLDER_PATH}/${DWARF_DSYM_FILE_NAME}/Contents/Info.plist",
				"$(BUILT_PRODUCTS_DIR)/$(UNLOCALIZED_RESOURCES_FOLDER_PATH)/GoogleService-Info.plist",
				"$(BUILT_PRODUCTS_DIR)/$(EXECUTABLE_PATH)",
			);
			outputFileListPaths = (
			);
			outputPaths = (
			);
			runOnlyForDeploymentPostprocessing = 0;
			shellPath = /bin/sh;
			shellScript = "# Type a script or drag a script file from your workspace to insert its path.\n\"${BUILD_DIR%/Build/*}/SourcePackages/checkouts/firebase-ios-sdk/Crashlytics/run\"\n";
		};
/* End PBXShellScriptBuildPhase section */

/* Begin PBXSourcesBuildPhase section */
		0DB1A64B2A7CEF6C008D0ECE /* Sources */ = {
			isa = PBXSourcesBuildPhase;
			buildActionMask = 2147483647;
			files = (
				0DB1A6992A7CF003008D0ECE /* StandingRouter.swift in Sources */,
				0DB1A6FA2A7CF0DE008D0ECE /* CompetitionModuleKit.swift in Sources */,
				0DB1A6F72A7CF0DE008D0ECE /* StandingInteractionLogic.swift in Sources */,
				0DB1A6982A7CF003008D0ECE /* StandingInteractor.swift in Sources */,
				0DB1A7042A7CF0DE008D0ECE /* CompetitionViewController.swift in Sources */,
				0DB1A6F42A7CF0DE008D0ECE /* StandingPresenter.swift in Sources */,
				0DB1A6942A7CF003008D0ECE /* GameModule.swift in Sources */,
				0D2CA0482A9E3A4400E9EF53 /* SoccerViewController.swift in Sources */,
				0DB1A6F82A7CF0DE008D0ECE /* StandingDisplayLogic.swift in Sources */,
				0DB1A6B02A7CF012008D0ECE /* AppDelegate.swift in Sources */,
				0DB1A6F22A7CF0DE008D0ECE /* DateCollectionView.swift in Sources */,
				0DB1A6FF2A7CF0DE008D0ECE /* CompetitionPresenter.swift in Sources */,
				0DB1A6EF2A7CF0DE008D0ECE /* DateCell.swift in Sources */,
				0DB1A6FE2A7CF0DE008D0ECE /* CompetitionProtocols.swift in Sources */,
				0DB1A7152A8183DE008D0ECE /* RestStanding.swift in Sources */,
				0DB1A6F52A7CF0DE008D0ECE /* StandingModuleKit.swift in Sources */,
				0DB1A6B62A7CF043008D0ECE /* TabBarViewController.swift in Sources */,
				0DB1A6ED2A7CF0DE008D0ECE /* GameViewController.swift in Sources */,
				0DB1A69A2A7CF003008D0ECE /* CompetitionInteractor.swift in Sources */,
				0DB1A6A12A7CF00B008D0ECE /* RestSchedule.swift in Sources */,
				0DB1A6A22A7CF00B008D0ECE /* RestCompetitions.swift in Sources */,
				0DB1A6F12A7CF0DE008D0ECE /* GameCollectionView.swift in Sources */,
				0D2CA0432A9E120C00E9EF53 /* SoccerPitch.swift in Sources */,
				0DB1A6FC2A7CF0DE008D0ECE /* NavigationController.swift in Sources */,
				0DB1A7022A7CF0DE008D0ECE /* CompetitionDisplayLogic.swift in Sources */,
				0DB1A6B12A7CF012008D0ECE /* SceneDelegate.swift in Sources */,
				0DB1A6E92A7CF0DE008D0ECE /* GameModuleKit.swift in Sources */,
				0DB1A69D2A7CF003008D0ECE /* CompetitionRouter.swift in Sources */,
				0DB1A7182A82D9FF008D0ECE /* StandingCell.swift in Sources */,
				0DB1A7002A7CF0DE008D0ECE /* CompetitionInteractionLogic.swift in Sources */,
				0DB1A6EA2A7CF0DE008D0ECE /* GameModels.swift in Sources */,
				0DB1A6E72A7CF0DE008D0ECE /* GamePresenter.swift in Sources */,
				0DB1A6EC2A7CF0DE008D0ECE /* GameInteractionLogic.swift in Sources */,
				0DB1A6EE2A7CF0DE008D0ECE /* GameCell.swift in Sources */,
				0DB1A6962A7CF003008D0ECE /* StandingContext.swift in Sources */,
				0DB1A6FD2A7CF0DE008D0ECE /* CompetitionModels.swift in Sources */,
				0DB1A6922A7CF003008D0ECE /* GameInteractor.swift in Sources */,
				0DB1A6F02A7CF0DE008D0ECE /* GameDisplayLogic.swift in Sources */,
				0DB1A6E82A7CF0DE008D0ECE /* Color.swift in Sources */,
				0DB1A69B2A7CF003008D0ECE /* CompetitionContext.swift in Sources */,
				0DB1A6972A7CF003008D0ECE /* StandingModule.swift in Sources */,
				0DB1A6F62A7CF0DE008D0ECE /* StandingModels.swift in Sources */,
				0DB1A71A2A855AA2008D0ECE /* HeaderCell.swift in Sources */,
				0DB1A7092A7CFA0B008D0ECE /* GameResponse.swift in Sources */,
				0DB1A69C2A7CF003008D0ECE /* CompetitionModule.swift in Sources */,
				0DB1A6B42A7CF02A008D0ECE /* HTTPRequest.swift in Sources */,
				0DB1A6952A7CF003008D0ECE /* GameRouter.swift in Sources */,
				0DB1A7132A81827A008D0ECE /* StandingCollectionView.swift in Sources */,
				0DB1A6932A7CF003008D0ECE /* GameContext.swift in Sources */,
				0DB1A6EB2A7CF0DE008D0ECE /* GameBusinessLogic.swift in Sources */,
				0DB1A7012A7CF0DE008D0ECE /* CompetitionCell.swift in Sources */,
				0DB1A71C2A878DBA008D0ECE /* ConfigApi.swift in Sources */,
				0D2CA0462A9E305600E9EF53 /* PlayerView.swift in Sources */,
				0DB1A7032A7CF0DE008D0ECE /* CompetitionCollectionView.swift in Sources */,
				0DB1A6F92A7CF0DE008D0ECE /* StandingViewController.swift in Sources */,
				0D2CA0412A9CCAC900E9EF53 /* MatchStatusSegmented.swift in Sources */,
				0DB1A6F32A7CF0DE008D0ECE /* StandingProtocol.swift in Sources */,
			);
			runOnlyForDeploymentPostprocessing = 0;
		};
		0DB1A6612A7CEF6D008D0ECE /* Sources */ = {
			isa = PBXSourcesBuildPhase;
			buildActionMask = 2147483647;
			files = (
				0DB1A71F2A879008008D0ECE /* MockUrlSession.swift in Sources */,
				0D2E5F502A8EC67400191CDF /* Standing.swift in Sources */,
				0DDC26032A8B77FC004BD42F /* MockInteractorStanding.swift in Sources */,
				0D2E5F472A8EC58D00191CDF /* MockInteractor.swift in Sources */,
				0DDC26002A8B77FC004BD42F /* MockDisplayStanding.swift in Sources */,
				0D4D52492A8A2CA10096DCA5 /* MockPresenter.swift in Sources */,
				0D2E5F412A8EC39B00191CDF /* Competitions.swift in Sources */,
				0D4D52562A8AB78D0096DCA5 /* MockRouteurGame.swift in Sources */,
				0D1AD3BD2A8A1C1D001D1E24 /* MockDisplay.swift in Sources */,
				0D4D524B2A8A2D170096DCA5 /* MockRouteur.swift in Sources */,
				0D2E5F432A8EC3ED00191CDF /* MockPresenterStanding.swift in Sources */,
				0D2E5F452A8EC4C200191CDF /* MockDisplayGame.swift in Sources */,
				0D2E5F492A8EC5C900191CDF /* MockRouteurStanding.swift in Sources */,
				0D4D524F2A8A2E660096DCA5 /* Game.swift in Sources */,
				0D4D52582A8AB78D0096DCA5 /* MockPresenterGame.swift in Sources */,
				0D4D52572A8AB78D0096DCA5 /* MockInteractorGame.swift in Sources */,
			);
			runOnlyForDeploymentPostprocessing = 0;
		};
		0DB1A66B2A7CEF6D008D0ECE /* Sources */ = {
			isa = PBXSourcesBuildPhase;
			buildActionMask = 2147483647;
			files = (
				0DB1A6762A7CEF6D008D0ECE /* ResultSportUITestsLaunchTests.swift in Sources */,
				0DB1A6742A7CEF6D008D0ECE /* ResultSportUITests.swift in Sources */,
			);
			runOnlyForDeploymentPostprocessing = 0;
		};
/* End PBXSourcesBuildPhase section */

/* Begin PBXTargetDependency section */
		0D2E5F572A8ED26C00191CDF /* PBXTargetDependency */ = {
			isa = PBXTargetDependency;
			target = 0DB1A64E2A7CEF6C008D0ECE /* ResultSport */;
			targetProxy = 0D2E5F562A8ED26C00191CDF /* PBXContainerItemProxy */;
		};
		0DB1A6712A7CEF6D008D0ECE /* PBXTargetDependency */ = {
			isa = PBXTargetDependency;
			target = 0DB1A64E2A7CEF6C008D0ECE /* ResultSport */;
			targetProxy = 0DB1A6702A7CEF6D008D0ECE /* PBXContainerItemProxy */;
		};
/* End PBXTargetDependency section */

/* Begin PBXVariantGroup section */
		0DB1A6A52A7CF012008D0ECE /* LaunchScreen.storyboard */ = {
			isa = PBXVariantGroup;
			children = (
				0DB1A6A62A7CF012008D0ECE /* Base */,
			);
			name = LaunchScreen.storyboard;
			sourceTree = "<group>";
		};
		0DB1A6A72A7CF012008D0ECE /* Main.storyboard */ = {
			isa = PBXVariantGroup;
			children = (
				0DB1A6A82A7CF012008D0ECE /* Base */,
			);
			name = Main.storyboard;
			sourceTree = "<group>";
		};
/* End PBXVariantGroup section */

/* Begin XCBuildConfiguration section */
		0DB1A6772A7CEF6D008D0ECE /* Debug */ = {
			isa = XCBuildConfiguration;
			buildSettings = {
				ALWAYS_SEARCH_USER_PATHS = NO;
				CLANG_ANALYZER_NONNULL = YES;
				CLANG_ANALYZER_NUMBER_OBJECT_CONVERSION = YES_AGGRESSIVE;
				CLANG_CXX_LANGUAGE_STANDARD = "gnu++20";
				CLANG_ENABLE_MODULES = YES;
				CLANG_ENABLE_OBJC_ARC = YES;
				CLANG_ENABLE_OBJC_WEAK = YES;
				CLANG_WARN_BLOCK_CAPTURE_AUTORELEASING = YES;
				CLANG_WARN_BOOL_CONVERSION = YES;
				CLANG_WARN_COMMA = YES;
				CLANG_WARN_CONSTANT_CONVERSION = YES;
				CLANG_WARN_DEPRECATED_OBJC_IMPLEMENTATIONS = YES;
				CLANG_WARN_DIRECT_OBJC_ISA_USAGE = YES_ERROR;
				CLANG_WARN_DOCUMENTATION_COMMENTS = YES;
				CLANG_WARN_EMPTY_BODY = YES;
				CLANG_WARN_ENUM_CONVERSION = YES;
				CLANG_WARN_INFINITE_RECURSION = YES;
				CLANG_WARN_INT_CONVERSION = YES;
				CLANG_WARN_NON_LITERAL_NULL_CONVERSION = YES;
				CLANG_WARN_OBJC_IMPLICIT_RETAIN_SELF = YES;
				CLANG_WARN_OBJC_LITERAL_CONVERSION = YES;
				CLANG_WARN_OBJC_ROOT_CLASS = YES_ERROR;
				CLANG_WARN_QUOTED_INCLUDE_IN_FRAMEWORK_HEADER = YES;
				CLANG_WARN_RANGE_LOOP_ANALYSIS = YES;
				CLANG_WARN_STRICT_PROTOTYPES = YES;
				CLANG_WARN_SUSPICIOUS_MOVE = YES;
				CLANG_WARN_UNGUARDED_AVAILABILITY = YES_AGGRESSIVE;
				CLANG_WARN_UNREACHABLE_CODE = YES;
				CLANG_WARN__DUPLICATE_METHOD_MATCH = YES;
				COPY_PHASE_STRIP = NO;
				DEBUG_INFORMATION_FORMAT = dwarf;
				ENABLE_STRICT_OBJC_MSGSEND = YES;
				ENABLE_TESTABILITY = YES;
				GCC_C_LANGUAGE_STANDARD = gnu11;
				GCC_DYNAMIC_NO_PIC = NO;
				GCC_NO_COMMON_BLOCKS = YES;
				GCC_OPTIMIZATION_LEVEL = 0;
				GCC_PREPROCESSOR_DEFINITIONS = (
					"DEBUG=1",
					"$(inherited)",
				);
				GCC_WARN_64_TO_32_BIT_CONVERSION = YES;
				GCC_WARN_ABOUT_RETURN_TYPE = YES_ERROR;
				GCC_WARN_UNDECLARED_SELECTOR = YES;
				GCC_WARN_UNINITIALIZED_AUTOS = YES_AGGRESSIVE;
				GCC_WARN_UNUSED_FUNCTION = YES;
				GCC_WARN_UNUSED_VARIABLE = YES;
				IPHONEOS_DEPLOYMENT_TARGET = 16.0;
				MTL_ENABLE_DEBUG_INFO = INCLUDE_SOURCE;
				MTL_FAST_MATH = YES;
				ONLY_ACTIVE_ARCH = YES;
				SDKROOT = iphoneos;
				SWIFT_ACTIVE_COMPILATION_CONDITIONS = DEBUG;
				SWIFT_OPTIMIZATION_LEVEL = "-Onone";
			};
			name = Debug;
		};
		0DB1A6782A7CEF6D008D0ECE /* Release */ = {
			isa = XCBuildConfiguration;
			buildSettings = {
				ALWAYS_SEARCH_USER_PATHS = NO;
				CLANG_ANALYZER_NONNULL = YES;
				CLANG_ANALYZER_NUMBER_OBJECT_CONVERSION = YES_AGGRESSIVE;
				CLANG_CXX_LANGUAGE_STANDARD = "gnu++20";
				CLANG_ENABLE_MODULES = YES;
				CLANG_ENABLE_OBJC_ARC = YES;
				CLANG_ENABLE_OBJC_WEAK = YES;
				CLANG_WARN_BLOCK_CAPTURE_AUTORELEASING = YES;
				CLANG_WARN_BOOL_CONVERSION = YES;
				CLANG_WARN_COMMA = YES;
				CLANG_WARN_CONSTANT_CONVERSION = YES;
				CLANG_WARN_DEPRECATED_OBJC_IMPLEMENTATIONS = YES;
				CLANG_WARN_DIRECT_OBJC_ISA_USAGE = YES_ERROR;
				CLANG_WARN_DOCUMENTATION_COMMENTS = YES;
				CLANG_WARN_EMPTY_BODY = YES;
				CLANG_WARN_ENUM_CONVERSION = YES;
				CLANG_WARN_INFINITE_RECURSION = YES;
				CLANG_WARN_INT_CONVERSION = YES;
				CLANG_WARN_NON_LITERAL_NULL_CONVERSION = YES;
				CLANG_WARN_OBJC_IMPLICIT_RETAIN_SELF = YES;
				CLANG_WARN_OBJC_LITERAL_CONVERSION = YES;
				CLANG_WARN_OBJC_ROOT_CLASS = YES_ERROR;
				CLANG_WARN_QUOTED_INCLUDE_IN_FRAMEWORK_HEADER = YES;
				CLANG_WARN_RANGE_LOOP_ANALYSIS = YES;
				CLANG_WARN_STRICT_PROTOTYPES = YES;
				CLANG_WARN_SUSPICIOUS_MOVE = YES;
				CLANG_WARN_UNGUARDED_AVAILABILITY = YES_AGGRESSIVE;
				CLANG_WARN_UNREACHABLE_CODE = YES;
				CLANG_WARN__DUPLICATE_METHOD_MATCH = YES;
				COPY_PHASE_STRIP = NO;
				DEBUG_INFORMATION_FORMAT = "dwarf-with-dsym";
				ENABLE_NS_ASSERTIONS = NO;
				ENABLE_STRICT_OBJC_MSGSEND = YES;
				GCC_C_LANGUAGE_STANDARD = gnu11;
				GCC_NO_COMMON_BLOCKS = YES;
				GCC_WARN_64_TO_32_BIT_CONVERSION = YES;
				GCC_WARN_ABOUT_RETURN_TYPE = YES_ERROR;
				GCC_WARN_UNDECLARED_SELECTOR = YES;
				GCC_WARN_UNINITIALIZED_AUTOS = YES_AGGRESSIVE;
				GCC_WARN_UNUSED_FUNCTION = YES;
				GCC_WARN_UNUSED_VARIABLE = YES;
				IPHONEOS_DEPLOYMENT_TARGET = 16.0;
				MTL_ENABLE_DEBUG_INFO = NO;
				MTL_FAST_MATH = YES;
				SDKROOT = iphoneos;
				SWIFT_COMPILATION_MODE = wholemodule;
				SWIFT_OPTIMIZATION_LEVEL = "-O";
				VALIDATE_PRODUCT = YES;
			};
			name = Release;
		};
		0DB1A67A2A7CEF6D008D0ECE /* Debug */ = {
			isa = XCBuildConfiguration;
			buildSettings = {
				ASSETCATALOG_COMPILER_APPICON_NAME = AppIcon;
				ASSETCATALOG_COMPILER_GLOBAL_ACCENT_COLOR_NAME = AccentColor;
				CODE_SIGN_IDENTITY = "Apple Development";
				CODE_SIGN_STYLE = Automatic;
				CURRENT_PROJECT_VERSION = 1;
				DEBUG_INFORMATION_FORMAT = "dwarf-with-dsym";
				DEVELOPMENT_TEAM = 3U3GP8J227;
				GENERATE_INFOPLIST_FILE = YES;
				INFOPLIST_FILE = ResultSport/Info.plist;
				INFOPLIST_KEY_UIApplicationSupportsIndirectInputEvents = YES;
				INFOPLIST_KEY_UILaunchStoryboardName = LaunchScreen;
				INFOPLIST_KEY_UIMainStoryboardFile = Main;
				INFOPLIST_KEY_UISupportedInterfaceOrientations_iPad = "UIInterfaceOrientationPortrait UIInterfaceOrientationPortraitUpsideDown UIInterfaceOrientationLandscapeLeft UIInterfaceOrientationLandscapeRight";
				INFOPLIST_KEY_UISupportedInterfaceOrientations_iPhone = "UIInterfaceOrientationPortrait UIInterfaceOrientationLandscapeLeft UIInterfaceOrientationLandscapeRight";
				IPHONEOS_DEPLOYMENT_TARGET = 16.0;
				LD_RUNPATH_SEARCH_PATHS = (
					"$(inherited)",
					"@executable_path/Frameworks",
				);
				MARKETING_VERSION = 1.0;
				PRODUCT_BUNDLE_IDENTIFIER = fr.Boussair.samy.ResultSport;
				PRODUCT_NAME = "$(TARGET_NAME)";
				PROVISIONING_PROFILE_SPECIFIER = "";
				SWIFT_EMIT_LOC_STRINGS = YES;
				SWIFT_VERSION = 5.0;
				TARGETED_DEVICE_FAMILY = "1,2";
			};
			name = Debug;
		};
		0DB1A67B2A7CEF6D008D0ECE /* Release */ = {
			isa = XCBuildConfiguration;
			buildSettings = {
				ASSETCATALOG_COMPILER_APPICON_NAME = AppIcon;
				ASSETCATALOG_COMPILER_GLOBAL_ACCENT_COLOR_NAME = AccentColor;
				CODE_SIGN_IDENTITY = "Apple Development";
				CODE_SIGN_STYLE = Automatic;
				CURRENT_PROJECT_VERSION = 1;
				DEVELOPMENT_TEAM = 3U3GP8J227;
				GENERATE_INFOPLIST_FILE = YES;
				INFOPLIST_FILE = ResultSport/Info.plist;
				INFOPLIST_KEY_UIApplicationSupportsIndirectInputEvents = YES;
				INFOPLIST_KEY_UILaunchStoryboardName = LaunchScreen;
				INFOPLIST_KEY_UIMainStoryboardFile = Main;
				INFOPLIST_KEY_UISupportedInterfaceOrientations_iPad = "UIInterfaceOrientationPortrait UIInterfaceOrientationPortraitUpsideDown UIInterfaceOrientationLandscapeLeft UIInterfaceOrientationLandscapeRight";
				INFOPLIST_KEY_UISupportedInterfaceOrientations_iPhone = "UIInterfaceOrientationPortrait UIInterfaceOrientationLandscapeLeft UIInterfaceOrientationLandscapeRight";
				IPHONEOS_DEPLOYMENT_TARGET = 16.0;
				LD_RUNPATH_SEARCH_PATHS = (
					"$(inherited)",
					"@executable_path/Frameworks",
				);
				MARKETING_VERSION = 1.0;
				PRODUCT_BUNDLE_IDENTIFIER = fr.Boussair.samy.ResultSport;
				PRODUCT_NAME = "$(TARGET_NAME)";
				PROVISIONING_PROFILE_SPECIFIER = "";
				SWIFT_EMIT_LOC_STRINGS = YES;
				SWIFT_VERSION = 5.0;
				TARGETED_DEVICE_FAMILY = "1,2";
			};
			name = Release;
		};
		0DB1A67D2A7CEF6D008D0ECE /* Debug */ = {
			isa = XCBuildConfiguration;
			buildSettings = {
				ALWAYS_EMBED_SWIFT_STANDARD_LIBRARIES = YES;
				BUNDLE_LOADER = "$(TEST_HOST)";
				CODE_SIGN_STYLE = Automatic;
				CURRENT_PROJECT_VERSION = 1;
				DEVELOPMENT_TEAM = 3U3GP8J227;
				GENERATE_INFOPLIST_FILE = YES;
				IPHONEOS_DEPLOYMENT_TARGET = 16.2;
				MARKETING_VERSION = 1.0;
				PRODUCT_BUNDLE_IDENTIFIER = fr.Boussair.samy.ResultSportTests;
				PRODUCT_NAME = "$(TARGET_NAME)";
				SWIFT_EMIT_LOC_STRINGS = NO;
				SWIFT_VERSION = 5.0;
				TARGETED_DEVICE_FAMILY = "1,2";
				TEST_HOST = "$(BUILT_PRODUCTS_DIR)/ResultSport.app/$(BUNDLE_EXECUTABLE_FOLDER_PATH)/ResultSport";
			};
			name = Debug;
		};
		0DB1A67E2A7CEF6D008D0ECE /* Release */ = {
			isa = XCBuildConfiguration;
			buildSettings = {
				ALWAYS_EMBED_SWIFT_STANDARD_LIBRARIES = YES;
				BUNDLE_LOADER = "$(TEST_HOST)";
				CODE_SIGN_STYLE = Automatic;
				CURRENT_PROJECT_VERSION = 1;
				DEVELOPMENT_TEAM = 3U3GP8J227;
				GENERATE_INFOPLIST_FILE = YES;
				IPHONEOS_DEPLOYMENT_TARGET = 16.2;
				MARKETING_VERSION = 1.0;
				PRODUCT_BUNDLE_IDENTIFIER = fr.Boussair.samy.ResultSportTests;
				PRODUCT_NAME = "$(TARGET_NAME)";
				SWIFT_EMIT_LOC_STRINGS = NO;
				SWIFT_VERSION = 5.0;
				TARGETED_DEVICE_FAMILY = "1,2";
				TEST_HOST = "$(BUILT_PRODUCTS_DIR)/ResultSport.app/$(BUNDLE_EXECUTABLE_FOLDER_PATH)/ResultSport";
			};
			name = Release;
		};
		0DB1A6802A7CEF6D008D0ECE /* Debug */ = {
			isa = XCBuildConfiguration;
			buildSettings = {
				ALWAYS_EMBED_SWIFT_STANDARD_LIBRARIES = YES;
				CODE_SIGN_STYLE = Automatic;
				CURRENT_PROJECT_VERSION = 1;
				DEVELOPMENT_TEAM = 3U3GP8J227;
				GENERATE_INFOPLIST_FILE = YES;
				MARKETING_VERSION = 1.0;
				PRODUCT_BUNDLE_IDENTIFIER = fr.Boussair.samy.ResultSportUITests;
				PRODUCT_NAME = "$(TARGET_NAME)";
				SWIFT_EMIT_LOC_STRINGS = NO;
				SWIFT_VERSION = 5.0;
				TARGETED_DEVICE_FAMILY = "1,2";
				TEST_TARGET_NAME = ResultSport;
			};
			name = Debug;
		};
		0DB1A6812A7CEF6D008D0ECE /* Release */ = {
			isa = XCBuildConfiguration;
			buildSettings = {
				ALWAYS_EMBED_SWIFT_STANDARD_LIBRARIES = YES;
				CODE_SIGN_STYLE = Automatic;
				CURRENT_PROJECT_VERSION = 1;
				DEVELOPMENT_TEAM = 3U3GP8J227;
				GENERATE_INFOPLIST_FILE = YES;
				MARKETING_VERSION = 1.0;
				PRODUCT_BUNDLE_IDENTIFIER = fr.Boussair.samy.ResultSportUITests;
				PRODUCT_NAME = "$(TARGET_NAME)";
				SWIFT_EMIT_LOC_STRINGS = NO;
				SWIFT_VERSION = 5.0;
				TARGETED_DEVICE_FAMILY = "1,2";
				TEST_TARGET_NAME = ResultSport;
			};
			name = Release;
		};
/* End XCBuildConfiguration section */

/* Begin XCConfigurationList section */
		0DB1A64A2A7CEF6C008D0ECE /* Build configuration list for PBXProject "ResultSport" */ = {
			isa = XCConfigurationList;
			buildConfigurations = (
				0DB1A6772A7CEF6D008D0ECE /* Debug */,
				0DB1A6782A7CEF6D008D0ECE /* Release */,
			);
			defaultConfigurationIsVisible = 0;
			defaultConfigurationName = Release;
		};
		0DB1A6792A7CEF6D008D0ECE /* Build configuration list for PBXNativeTarget "ResultSport" */ = {
			isa = XCConfigurationList;
			buildConfigurations = (
				0DB1A67A2A7CEF6D008D0ECE /* Debug */,
				0DB1A67B2A7CEF6D008D0ECE /* Release */,
			);
			defaultConfigurationIsVisible = 0;
			defaultConfigurationName = Release;
		};
		0DB1A67C2A7CEF6D008D0ECE /* Build configuration list for PBXNativeTarget "ResultSportTests" */ = {
			isa = XCConfigurationList;
			buildConfigurations = (
				0DB1A67D2A7CEF6D008D0ECE /* Debug */,
				0DB1A67E2A7CEF6D008D0ECE /* Release */,
			);
			defaultConfigurationIsVisible = 0;
			defaultConfigurationName = Release;
		};
		0DB1A67F2A7CEF6D008D0ECE /* Build configuration list for PBXNativeTarget "ResultSportUITests" */ = {
			isa = XCConfigurationList;
			buildConfigurations = (
				0DB1A6802A7CEF6D008D0ECE /* Debug */,
				0DB1A6812A7CEF6D008D0ECE /* Release */,
			);
			defaultConfigurationIsVisible = 0;
			defaultConfigurationName = Release;
		};
/* End XCConfigurationList section */

/* Begin XCRemoteSwiftPackageReference section */
		0DB1A7052A7CF1D6008D0ECE /* XCRemoteSwiftPackageReference "Kingfisher" */ = {
			isa = XCRemoteSwiftPackageReference;
			repositoryURL = "https://github.com/onevcat/Kingfisher";
			requirement = {
				kind = upToNextMajorVersion;
				minimumVersion = 7.0.0;
			};
		};
		0DDC26092A8C2236004BD42F /* XCRemoteSwiftPackageReference "firebase-ios-sdk" */ = {
			isa = XCRemoteSwiftPackageReference;
			repositoryURL = "https://github.com/firebase/firebase-ios-sdk";
			requirement = {
				branch = master;
				kind = branch;
			};
		};
/* End XCRemoteSwiftPackageReference section */

/* Begin XCSwiftPackageProductDependency section */
		0D8B07732A8F762D004B096F /* FirebaseAnalytics */ = {
			isa = XCSwiftPackageProductDependency;
			package = 0DDC26092A8C2236004BD42F /* XCRemoteSwiftPackageReference "firebase-ios-sdk" */;
			productName = FirebaseAnalytics;
		};
		0DB1A7062A7CF1D6008D0ECE /* Kingfisher */ = {
			isa = XCSwiftPackageProductDependency;
			package = 0DB1A7052A7CF1D6008D0ECE /* XCRemoteSwiftPackageReference "Kingfisher" */;
			productName = Kingfisher;
		};
		0DDC260A2A8C2236004BD42F /* FirebaseAnalytics */ = {
			isa = XCSwiftPackageProductDependency;
			package = 0DDC26092A8C2236004BD42F /* XCRemoteSwiftPackageReference "firebase-ios-sdk" */;
			productName = FirebaseAnalytics;
		};
/* End XCSwiftPackageProductDependency section */
	};
	rootObject = 0DB1A6472A7CEF6C008D0ECE /* Project object */;
}
